
Microsoft Visual Studio Solution File, Format Version 12.00
# Visual Studio Version 17
VisualStudioVersion = 17.0.32112.339
MinimumVisualStudioVersion = 10.0.40219.1
Project("{2150E333-8FDC-42A3-9474-1A3956D46DE8}") = "Core", "Core", "{856C158A-AFE2-4536-892C-AECA12E22A94}"
EndProject
Project("{2150E333-8FDC-42A3-9474-1A3956D46DE8}") = "Identity", "Identity", "{924E450B-9F07-4D38-80A0-73C5BA3A225F}"
EndProject
Project("{2150E333-8FDC-42A3-9474-1A3956D46DE8}") = "Configuration", "Configuration", "{987410F8-6C85-41C1-A72E-CBA221597D61}"
EndProject
Project("{2150E333-8FDC-42A3-9474-1A3956D46DE8}") = "EventRouter", "EventRouter", "{60DB3833-00B1-4551-B292-EF2B325582C8}"
EndProject
Project("{2150E333-8FDC-42A3-9474-1A3956D46DE8}") = "LogsAndMetrics", "LogsAndMetrics", "{D1BC60A5-C832-48BB-87D9-12CC0409742A}"
EndProject
Project("{2150E333-8FDC-42A3-9474-1A3956D46DE8}") = "WebConsole", "WebConsole", "{75146489-844C-4550-B894-E04C78C087F2}"
EndProject
Project("{2150E333-8FDC-42A3-9474-1A3956D46DE8}") = "Common", "Common", "{C5FAB869-5993-4428-AF3B-45E44D3B694A}"
EndProject
Project("{9A19103F-16F7-4668-BE54-9A1E7A4F7556}") = "NoKates.Common", "NoKates.Common\NoKates.Common.csproj", "{777468D4-E8A1-4B24-A392-25CB12A2B092}"
EndProject
Project("{9A19103F-16F7-4668-BE54-9A1E7A4F7556}") = "NoKates.Common.Tests", "NoKates.Common.Tests\NoKates.Common.Tests.csproj", "{B3A327CC-B222-4033-88B9-26AAB5A0F060}"
EndProject
Project("{9A19103F-16F7-4668-BE54-9A1E7A4F7556}") = "NoKates.Configuration", "NoKates.Configuration\NoKates.Configuration.csproj", "{2CD51134-1528-42D6-980F-8D12A136EB03}"
EndProject
Project("{9A19103F-16F7-4668-BE54-9A1E7A4F7556}") = "NoKates.Configurations.Tests", "NoKates.Configurations.Tests\NoKates.Configurations.Tests.csproj", "{ECC4BF9D-CE55-4E65-A5C3-291C6FA2A2D7}"
EndProject
Project("{9A19103F-16F7-4668-BE54-9A1E7A4F7556}") = "NoKates.Core", "NoKates.Core\NoKates.Core.csproj", "{A546F7A2-3C1D-4575-B361-7C281F7317F7}"
EndProject
Project("{9A19103F-16F7-4668-BE54-9A1E7A4F7556}") = "NoKates.Core.Tests", "NoKates.Core.Tests\NoKates.Core.Tests.csproj", "{B0338734-68C7-4A65-BC18-58C41E510D8F}"
EndProject
Project("{9A19103F-16F7-4668-BE54-9A1E7A4F7556}") = "NoKates.EventRouter", "NoKates.EventRouter\NoKates.EventRouter.csproj", "{9D2B4169-9EFE-4565-92F0-4B173A3A3DC3}"
EndProject
Project("{9A19103F-16F7-4668-BE54-9A1E7A4F7556}") = "NoKates.EventRouter.Common", "NoKates.EventRouter.Common\NoKates.EventRouter.Common.csproj", "{9005E5D1-66D2-4D6E-95C8-E02C7AA49EED}"
EndProject
Project("{9A19103F-16F7-4668-BE54-9A1E7A4F7556}") = "NoKates.EventRouter.Tests", "NoKates.EventRouter.Tests\NoKates.EventRouter.Tests.csproj", "{01D85EF4-3308-4F3F-841E-AAD0094AA170}"
EndProject
Project("{9A19103F-16F7-4668-BE54-9A1E7A4F7556}") = "NoKates.Identity", "NoKates.Identity\NoKates.Identity.csproj", "{8FD0E337-571D-4A24-AD30-38802C5862B6}"
EndProject
Project("{9A19103F-16F7-4668-BE54-9A1E7A4F7556}") = "NoKates.Identity.Common", "NoKates.Identity.Common\NoKates.Identity.Common.csproj", "{7140C6AB-4A3B-45A4-AC11-801C0DF4E306}"
EndProject
Project("{9A19103F-16F7-4668-BE54-9A1E7A4F7556}") = "NoKates.Identity.Tests", "NoKates.Identity.Tests\NoKates.Identity.Tests.csproj", "{3A8B86CC-161D-4CFD-B8F6-100738E1DFAE}"
EndProject
Project("{9A19103F-16F7-4668-BE54-9A1E7A4F7556}") = "NoKates.LogsAndMetrics", "NoKates.LogsAndMetrics\NoKates.LogsAndMetrics.csproj", "{9D371168-2564-4C32-B26C-D3BDBE7BBE4D}"
EndProject
Project("{9A19103F-16F7-4668-BE54-9A1E7A4F7556}") = "NoKates.LogsAndMetrics.Common", "NoKates.LogsAndMetrics.Common\NoKates.LogsAndMetrics.Common.csproj", "{69CD7C32-68F9-4F8B-9DFC-3FE824DC8C92}"
EndProject
Project("{9A19103F-16F7-4668-BE54-9A1E7A4F7556}") = "NoKates.LogsAndMetrics.Tests", "NoKates.LogsAndMetrics.Tests\NoKates.LogsAndMetrics.Tests.csproj", "{8C741965-A8C5-44A5-93F4-1682D626C20A}"
EndProject
Project("{9A19103F-16F7-4668-BE54-9A1E7A4F7556}") = "NoKates.WebConsole", "NoKates.WebConsole\NoKates.WebConsole.csproj", "{DE64DCFB-7F5C-4BB9-9216-70BEB76722BC}"
EndProject
Global
	GlobalSection(SolutionConfigurationPlatforms) = preSolution
		Debug|Any CPU = Debug|Any CPU
		Release|Any CPU = Release|Any CPU
	EndGlobalSection
	GlobalSection(ProjectConfigurationPlatforms) = postSolution
		{777468D4-E8A1-4B24-A392-25CB12A2B092}.Debug|Any CPU.ActiveCfg = Debug|Any CPU
		{777468D4-E8A1-4B24-A392-25CB12A2B092}.Debug|Any CPU.Build.0 = Debug|Any CPU
		{777468D4-E8A1-4B24-A392-25CB12A2B092}.Release|Any CPU.ActiveCfg = Release|Any CPU
		{777468D4-E8A1-4B24-A392-25CB12A2B092}.Release|Any CPU.Build.0 = Release|Any CPU
		{B3A327CC-B222-4033-88B9-26AAB5A0F060}.Debug|Any CPU.ActiveCfg = Debug|Any CPU
		{B3A327CC-B222-4033-88B9-26AAB5A0F060}.Debug|Any CPU.Build.0 = Debug|Any CPU
		{B3A327CC-B222-4033-88B9-26AAB5A0F060}.Release|Any CPU.ActiveCfg = Release|Any CPU
		{B3A327CC-B222-4033-88B9-26AAB5A0F060}.Release|Any CPU.Build.0 = Release|Any CPU
		{2CD51134-1528-42D6-980F-8D12A136EB03}.Debug|Any CPU.ActiveCfg = Debug|Any CPU
		{2CD51134-1528-42D6-980F-8D12A136EB03}.Debug|Any CPU.Build.0 = Debug|Any CPU
		{2CD51134-1528-42D6-980F-8D12A136EB03}.Release|Any CPU.ActiveCfg = Release|Any CPU
		{2CD51134-1528-42D6-980F-8D12A136EB03}.Release|Any CPU.Build.0 = Release|Any CPU
		{ECC4BF9D-CE55-4E65-A5C3-291C6FA2A2D7}.Debug|Any CPU.ActiveCfg = Debug|Any CPU
		{ECC4BF9D-CE55-4E65-A5C3-291C6FA2A2D7}.Debug|Any CPU.Build.0 = Debug|Any CPU
		{ECC4BF9D-CE55-4E65-A5C3-291C6FA2A2D7}.Release|Any CPU.ActiveCfg = Release|Any CPU
		{ECC4BF9D-CE55-4E65-A5C3-291C6FA2A2D7}.Release|Any CPU.Build.0 = Release|Any CPU
		{A546F7A2-3C1D-4575-B361-7C281F7317F7}.Debug|Any CPU.ActiveCfg = Debug|Any CPU
		{A546F7A2-3C1D-4575-B361-7C281F7317F7}.Debug|Any CPU.Build.0 = Debug|Any CPU
		{A546F7A2-3C1D-4575-B361-7C281F7317F7}.Release|Any CPU.ActiveCfg = Release|Any CPU
		{A546F7A2-3C1D-4575-B361-7C281F7317F7}.Release|Any CPU.Build.0 = Release|Any CPU
		{B0338734-68C7-4A65-BC18-58C41E510D8F}.Debug|Any CPU.ActiveCfg = Debug|Any CPU
		{B0338734-68C7-4A65-BC18-58C41E510D8F}.Debug|Any CPU.Build.0 = Debug|Any CPU
		{B0338734-68C7-4A65-BC18-58C41E510D8F}.Release|Any CPU.ActiveCfg = Release|Any CPU
		{B0338734-68C7-4A65-BC18-58C41E510D8F}.Release|Any CPU.Build.0 = Release|Any CPU
		{9D2B4169-9EFE-4565-92F0-4B173A3A3DC3}.Debug|Any CPU.ActiveCfg = Debug|Any CPU
		{9D2B4169-9EFE-4565-92F0-4B173A3A3DC3}.Debug|Any CPU.Build.0 = Debug|Any CPU
		{9D2B4169-9EFE-4565-92F0-4B173A3A3DC3}.Release|Any CPU.ActiveCfg = Release|Any CPU
		{9D2B4169-9EFE-4565-92F0-4B173A3A3DC3}.Release|Any CPU.Build.0 = Release|Any CPU
		{9005E5D1-66D2-4D6E-95C8-E02C7AA49EED}.Debug|Any CPU.ActiveCfg = Debug|Any CPU
		{9005E5D1-66D2-4D6E-95C8-E02C7AA49EED}.Debug|Any CPU.Build.0 = Debug|Any CPU
		{9005E5D1-66D2-4D6E-95C8-E02C7AA49EED}.Release|Any CPU.ActiveCfg = Release|Any CPU
		{9005E5D1-66D2-4D6E-95C8-E02C7AA49EED}.Release|Any CPU.Build.0 = Release|Any CPU
		{01D85EF4-3308-4F3F-841E-AAD0094AA170}.Debug|Any CPU.ActiveCfg = Debug|Any CPU
		{01D85EF4-3308-4F3F-841E-AAD0094AA170}.Debug|Any CPU.Build.0 = Debug|Any CPU
		{01D85EF4-3308-4F3F-841E-AAD0094AA170}.Release|Any CPU.ActiveCfg = Release|Any CPU
		{01D85EF4-3308-4F3F-841E-AAD0094AA170}.Release|Any CPU.Build.0 = Release|Any CPU
		{8FD0E337-571D-4A24-AD30-38802C5862B6}.Debug|Any CPU.ActiveCfg = Debug|Any CPU
		{8FD0E337-571D-4A24-AD30-38802C5862B6}.Debug|Any CPU.Build.0 = Debug|Any CPU
		{8FD0E337-571D-4A24-AD30-38802C5862B6}.Release|Any CPU.ActiveCfg = Release|Any CPU
		{8FD0E337-571D-4A24-AD30-38802C5862B6}.Release|Any CPU.Build.0 = Release|Any CPU
		{7140C6AB-4A3B-45A4-AC11-801C0DF4E306}.Debug|Any CPU.ActiveCfg = Debug|Any CPU
		{7140C6AB-4A3B-45A4-AC11-801C0DF4E306}.Debug|Any CPU.Build.0 = Debug|Any CPU
		{7140C6AB-4A3B-45A4-AC11-801C0DF4E306}.Release|Any CPU.ActiveCfg = Release|Any CPU
		{7140C6AB-4A3B-45A4-AC11-801C0DF4E306}.Release|Any CPU.Build.0 = Release|Any CPU
		{3A8B86CC-161D-4CFD-B8F6-100738E1DFAE}.Debug|Any CPU.ActiveCfg = Debug|Any CPU
		{3A8B86CC-161D-4CFD-B8F6-100738E1DFAE}.Debug|Any CPU.Build.0 = Debug|Any CPU
		{3A8B86CC-161D-4CFD-B8F6-100738E1DFAE}.Release|Any CPU.ActiveCfg = Release|Any CPU
		{3A8B86CC-161D-4CFD-B8F6-100738E1DFAE}.Release|Any CPU.Build.0 = Release|Any CPU
		{9D371168-2564-4C32-B26C-D3BDBE7BBE4D}.Debug|Any CPU.ActiveCfg = Debug|Any CPU
		{9D371168-2564-4C32-B26C-D3BDBE7BBE4D}.Debug|Any CPU.Build.0 = Debug|Any CPU
		{9D371168-2564-4C32-B26C-D3BDBE7BBE4D}.Release|Any CPU.ActiveCfg = Release|Any CPU
		{9D371168-2564-4C32-B26C-D3BDBE7BBE4D}.Release|Any CPU.Build.0 = Release|Any CPU
		{69CD7C32-68F9-4F8B-9DFC-3FE824DC8C92}.Debug|Any CPU.ActiveCfg = Debug|Any CPU
		{69CD7C32-68F9-4F8B-9DFC-3FE824DC8C92}.Debug|Any CPU.Build.0 = Debug|Any CPU
		{69CD7C32-68F9-4F8B-9DFC-3FE824DC8C92}.Release|Any CPU.ActiveCfg = Release|Any CPU
		{69CD7C32-68F9-4F8B-9DFC-3FE824DC8C92}.Release|Any CPU.Build.0 = Release|Any CPU
		{8C741965-A8C5-44A5-93F4-1682D626C20A}.Debug|Any CPU.ActiveCfg = Debug|Any CPU
		{8C741965-A8C5-44A5-93F4-1682D626C20A}.Debug|Any CPU.Build.0 = Debug|Any CPU
		{8C741965-A8C5-44A5-93F4-1682D626C20A}.Release|Any CPU.ActiveCfg = Release|Any CPU
		{8C741965-A8C5-44A5-93F4-1682D626C20A}.Release|Any CPU.Build.0 = Release|Any CPU
		{DE64DCFB-7F5C-4BB9-9216-70BEB76722BC}.Debug|Any CPU.ActiveCfg = Debug|Any CPU
		{DE64DCFB-7F5C-4BB9-9216-70BEB76722BC}.Debug|Any CPU.Build.0 = Debug|Any CPU
		{DE64DCFB-7F5C-4BB9-9216-70BEB76722BC}.Release|Any CPU.ActiveCfg = Release|Any CPU
		{DE64DCFB-7F5C-4BB9-9216-70BEB76722BC}.Release|Any CPU.Build.0 = Release|Any CPU
	EndGlobalSection
	GlobalSection(SolutionProperties) = preSolution
		HideSolutionNode = FALSE
	EndGlobalSection
	GlobalSection(NestedProjects) = preSolution
		{777468D4-E8A1-4B24-A392-25CB12A2B092} = {C5FAB869-5993-4428-AF3B-45E44D3B694A}
		{B3A327CC-B222-4033-88B9-26AAB5A0F060} = {C5FAB869-5993-4428-AF3B-45E44D3B694A}
		{2CD51134-1528-42D6-980F-8D12A136EB03} = {987410F8-6C85-41C1-A72E-CBA221597D61}
		{ECC4BF9D-CE55-4E65-A5C3-291C6FA2A2D7} = {987410F8-6C85-41C1-A72E-CBA221597D61}
		{A546F7A2-3C1D-4575-B361-7C281F7317F7} = {856C158A-AFE2-4536-892C-AECA12E22A94}
		{B0338734-68C7-4A65-BC18-58C41E510D8F} = {856C158A-AFE2-4536-892C-AECA12E22A94}
		{9D2B4169-9EFE-4565-92F0-4B173A3A3DC3} = {60DB3833-00B1-4551-B292-EF2B325582C8}
		{9005E5D1-66D2-4D6E-95C8-E02C7AA49EED} = {60DB3833-00B1-4551-B292-EF2B325582C8}
		{01D85EF4-3308-4F3F-841E-AAD0094AA170} = {60DB3833-00B1-4551-B292-EF2B325582C8}
		{8FD0E337-571D-4A24-AD30-38802C5862B6} = {924E450B-9F07-4D38-80A0-73C5BA3A225F}
		{7140C6AB-4A3B-45A4-AC11-801C0DF4E306} = {924E450B-9F07-4D38-80A0-73C5BA3A225F}
		{3A8B86CC-161D-4CFD-B8F6-100738E1DFAE} = {924E450B-9F07-4D38-80A0-73C5BA3A225F}
		{9D371168-2564-4C32-B26C-D3BDBE7BBE4D} = {D1BC60A5-C832-48BB-87D9-12CC0409742A}
		{69CD7C32-68F9-4F8B-9DFC-3FE824DC8C92} = {D1BC60A5-C832-48BB-87D9-12CC0409742A}
		{8C741965-A8C5-44A5-93F4-1682D626C20A} = {D1BC60A5-C832-48BB-87D9-12CC0409742A}
		{DE64DCFB-7F5C-4BB9-9216-70BEB76722BC} = {75146489-844C-4550-B894-E04C78C087F2}
	EndGlobalSection
	GlobalSection(ExtensibilityGlobals) = postSolution
		SolutionGuid = {A2398506-F527-424E-890E-26425761E1DF}
	EndGlobalSection
EndGlobal
